// !$*UTF8*$!
{
	archiveVersion = 1;
	classes = {
	};
	objectVersion = 46;
	objects = {

/* Begin PBXBuildFile section */
		EFCAA66D18EE6B15008B99D1 /* Foundation.framework in Frameworks */ = {isa = PBXBuildFile; fileRef = EFCAA66C18EE6B15008B99D1 /* Foundation.framework */; };
		EFCAA66F18EE6B16008B99D1 /* CoreGraphics.framework in Frameworks */ = {isa = PBXBuildFile; fileRef = EFCAA66E18EE6B16008B99D1 /* CoreGraphics.framework */; };
		EFCAA67118EE6B16008B99D1 /* UIKit.framework in Frameworks */ = {isa = PBXBuildFile; fileRef = EFCAA67018EE6B16008B99D1 /* UIKit.framework */; };
		EFCAA67718EE6B16008B99D1 /* InfoPlist.strings in Resources */ = {isa = PBXBuildFile; fileRef = EFCAA67518EE6B16008B99D1 /* InfoPlist.strings */; };
		EFCAA67918EE6B16008B99D1 /* main.m in Sources */ = {isa = PBXBuildFile; fileRef = EFCAA67818EE6B16008B99D1 /* main.m */; };
		EFCAA67D18EE6B16008B99D1 /* AppDelegate.m in Sources */ = {isa = PBXBuildFile; fileRef = EFCAA67C18EE6B16008B99D1 /* AppDelegate.m */; };
		EFCAA68018EE6B16008B99D1 /* Main.storyboard in Resources */ = {isa = PBXBuildFile; fileRef = EFCAA67E18EE6B16008B99D1 /* Main.storyboard */; };
		EFCAA68318EE6B16008B99D1 /* ViewController.m in Sources */ = {isa = PBXBuildFile; fileRef = EFCAA68218EE6B16008B99D1 /* ViewController.m */; };
		EFCAA68518EE6B16008B99D1 /* Images.xcassets in Resources */ = {isa = PBXBuildFile; fileRef = EFCAA68418EE6B16008B99D1 /* Images.xcassets */; };
		EFCAA68C18EE6B16008B99D1 /* XCTest.framework in Frameworks */ = {isa = PBXBuildFile; fileRef = EFCAA68B18EE6B16008B99D1 /* XCTest.framework */; };
		EFCAA68D18EE6B16008B99D1 /* Foundation.framework in Frameworks */ = {isa = PBXBuildFile; fileRef = EFCAA66C18EE6B15008B99D1 /* Foundation.framework */; };
		EFCAA68E18EE6B16008B99D1 /* UIKit.framework in Frameworks */ = {isa = PBXBuildFile; fileRef = EFCAA67018EE6B16008B99D1 /* UIKit.framework */; };
		EFCAA69618EE6B16008B99D1 /* InfoPlist.strings in Resources */ = {isa = PBXBuildFile; fileRef = EFCAA69418EE6B16008B99D1 /* InfoPlist.strings */; };
		EFCAA69818EE6B16008B99D1 /* MapTests.m in Sources */ = {isa = PBXBuildFile; fileRef = EFCAA69718EE6B16008B99D1 /* MapTests.m */; };
		EFCAA6A418EE6C2A008B99D1 /* MapKit.framework in Frameworks */ = {isa = PBXBuildFile; fileRef = EFCAA6A318EE6C2A008B99D1 /* MapKit.framework */; };
/* End PBXBuildFile section */

/* Begin PBXContainerItemProxy section */
		EFCAA68F18EE6B16008B99D1 /* PBXContainerItemProxy */ = {
			isa = PBXContainerItemProxy;
			containerPortal = EFCAA66118EE6B15008B99D1 /* Project object */;
			proxyType = 1;
			remoteGlobalIDString = EFCAA66818EE6B15008B99D1;
			remoteInfo = Map;
		};
/* End PBXContainerItemProxy section */

/* Begin PBXFileReference section */
		EFCAA66918EE6B15008B99D1 /* Map.app */ = {isa = PBXFileReference; explicitFileType = wrapper.application; includeInIndex = 0; path = Map.app; sourceTree = BUILT_PRODUCTS_DIR; };
		EFCAA66C18EE6B15008B99D1 /* Foundation.framework */ = {isa = PBXFileReference; lastKnownFileType = wrapper.framework; name = Foundation.framework; path = System/Library/Frameworks/Foundation.framework; sourceTree = SDKROOT; };
		EFCAA66E18EE6B16008B99D1 /* CoreGraphics.framework */ = {isa = PBXFileReference; lastKnownFileType = wrapper.framework; name = CoreGraphics.framework; path = System/Library/Frameworks/CoreGraphics.framework; sourceTree = SDKROOT; };
		EFCAA67018EE6B16008B99D1 /* UIKit.framework */ = {isa = PBXFileReference; lastKnownFileType = wrapper.framework; name = UIKit.framework; path = System/Library/Frameworks/UIKit.framework; sourceTree = SDKROOT; };
		EFCAA67418EE6B16008B99D1 /* Map-Info.plist */ = {isa = PBXFileReference; lastKnownFileType = text.plist.xml; path = "Map-Info.plist"; sourceTree = "<group>"; };
		EFCAA67618EE6B16008B99D1 /* en */ = {isa = PBXFileReference; lastKnownFileType = text.plist.strings; name = en; path = en.lproj/InfoPlist.strings; sourceTree = "<group>"; };
		EFCAA67818EE6B16008B99D1 /* main.m */ = {isa = PBXFileReference; lastKnownFileType = sourcecode.c.objc; path = main.m; sourceTree = "<group>"; };
		EFCAA67A18EE6B16008B99D1 /* Map-Prefix.pch */ = {isa = PBXFileReference; lastKnownFileType = sourcecode.c.h; path = "Map-Prefix.pch"; sourceTree = "<group>"; };
		EFCAA67B18EE6B16008B99D1 /* AppDelegate.h */ = {isa = PBXFileReference; lastKnownFileType = sourcecode.c.h; path = AppDelegate.h; sourceTree = "<group>"; };
		EFCAA67C18EE6B16008B99D1 /* AppDelegate.m */ = {isa = PBXFileReference; lastKnownFileType = sourcecode.c.objc; path = AppDelegate.m; sourceTree = "<group>"; };
		EFCAA67F18EE6B16008B99D1 /* Base */ = {isa = PBXFileReference; lastKnownFileType = file.storyboard; name = Base; path = Base.lproj/Main.storyboard; sourceTree = "<group>"; };
		EFCAA68118EE6B16008B99D1 /* ViewController.h */ = {isa = PBXFileReference; lastKnownFileType = sourcecode.c.h; path = ViewController.h; sourceTree = "<group>"; };
		EFCAA68218EE6B16008B99D1 /* ViewController.m */ = {isa = PBXFileReference; lastKnownFileType = sourcecode.c.objc; path = ViewController.m; sourceTree = "<group>"; };
		EFCAA68418EE6B16008B99D1 /* Images.xcassets */ = {isa = PBXFileReference; lastKnownFileType = folder.assetcatalog; path = Images.xcassets; sourceTree = "<group>"; };
		EFCAA68A18EE6B16008B99D1 /* MapTests.xctest */ = {isa = PBXFileReference; explicitFileType = wrapper.cfbundle; includeInIndex = 0; path = MapTests.xctest; sourceTree = BUILT_PRODUCTS_DIR; };
		EFCAA68B18EE6B16008B99D1 /* XCTest.framework */ = {isa = PBXFileReference; lastKnownFileType = wrapper.framework; name = XCTest.framework; path = Library/Frameworks/XCTest.framework; sourceTree = DEVELOPER_DIR; };
		EFCAA69318EE6B16008B99D1 /* MapTests-Info.plist */ = {isa = PBXFileReference; lastKnownFileType = text.plist.xml; path = "MapTests-Info.plist"; sourceTree = "<group>"; };
		EFCAA69518EE6B16008B99D1 /* en */ = {isa = PBXFileReference; lastKnownFileType = text.plist.strings; name = en; path = en.lproj/InfoPlist.strings; sourceTree = "<group>"; };
		EFCAA69718EE6B16008B99D1 /* MapTests.m */ = {isa = PBXFileReference; lastKnownFileType = sourcecode.c.objc; path = MapTests.m; sourceTree = "<group>"; };
		EFCAA6A318EE6C2A008B99D1 /* MapKit.framework */ = {isa = PBXFileReference; lastKnownFileType = wrapper.framework; name = MapKit.framework; path = System/Library/Frameworks/MapKit.framework; sourceTree = SDKROOT; };
/* End PBXFileReference section */

/* Begin PBXFrameworksBuildPhase section */
		EFCAA66618EE6B15008B99D1 /* Frameworks */ = {
			isa = PBXFrameworksBuildPhase;
			buildActionMask = 2147483647;
			files = (
				EFCAA66F18EE6B16008B99D1 /* CoreGraphics.framework in Frameworks */,
				EFCAA67118EE6B16008B99D1 /* UIKit.framework in Frameworks */,
				EFCAA6A418EE6C2A008B99D1 /* MapKit.framework in Frameworks */,
				EFCAA66D18EE6B15008B99D1 /* Foundation.framework in Frameworks */,
			);
			runOnlyForDeploymentPostprocessing = 0;
		};
		EFCAA68718EE6B16008B99D1 /* Frameworks */ = {
			isa = PBXFrameworksBuildPhase;
			buildActionMask = 2147483647;
			files = (
				EFCAA68C18EE6B16008B99D1 /* XCTest.framework in Frameworks */,
				EFCAA68E18EE6B16008B99D1 /* UIKit.framework in Frameworks */,
				EFCAA68D18EE6B16008B99D1 /* Foundation.framework in Frameworks */,
			);
			runOnlyForDeploymentPostprocessing = 0;
		};
/* End PBXFrameworksBuildPhase section */

/* Begin PBXGroup section */
		EFCAA66018EE6B15008B99D1 = {
			isa = PBXGroup;
			children = (
				EFCAA67218EE6B16008B99D1 /* Map */,
				EFCAA69118EE6B16008B99D1 /* MapTests */,
				EFCAA66B18EE6B15008B99D1 /* Frameworks */,
				EFCAA66A18EE6B15008B99D1 /* Products */,
			);
			sourceTree = "<group>";
		};
		EFCAA66A18EE6B15008B99D1 /* Products */ = {
			isa = PBXGroup;
			children = (
				EFCAA66918EE6B15008B99D1 /* Map.app */,
				EFCAA68A18EE6B16008B99D1 /* MapTests.xctest */,
			);
			name = Products;
			sourceTree = "<group>";
		};
		EFCAA66B18EE6B15008B99D1 /* Frameworks */ = {
			isa = PBXGroup;
			children = (
				EFCAA6A318EE6C2A008B99D1 /* MapKit.framework */,
				EFCAA66C18EE6B15008B99D1 /* Foundation.framework */,
				EFCAA66E18EE6B16008B99D1 /* CoreGraphics.framework */,
				EFCAA67018EE6B16008B99D1 /* UIKit.framework */,
				EFCAA68B18EE6B16008B99D1 /* XCTest.framework */,
			);
			name = Frameworks;
			sourceTree = "<group>";
		};
		EFCAA67218EE6B16008B99D1 /* Map */ = {
			isa = PBXGroup;
			children = (
				EFCAA67B18EE6B16008B99D1 /* AppDelegate.h */,
				EFCAA67C18EE6B16008B99D1 /* AppDelegate.m */,
				EFCAA67E18EE6B16008B99D1 /* Main.storyboard */,
				EFCAA68118EE6B16008B99D1 /* ViewController.h */,
				EFCAA68218EE6B16008B99D1 /* ViewController.m */,
				EFCAA68418EE6B16008B99D1 /* Images.xcassets */,
				EFCAA67318EE6B16008B99D1 /* Supporting Files */,
			);
			path = Map;
			sourceTree = "<group>";
		};
		EFCAA67318EE6B16008B99D1 /* Supporting Files */ = {
			isa = PBXGroup;
			children = (
				EFCAA67418EE6B16008B99D1 /* Map-Info.plist */,
				EFCAA67518EE6B16008B99D1 /* InfoPlist.strings */,
				EFCAA67818EE6B16008B99D1 /* main.m */,
				EFCAA67A18EE6B16008B99D1 /* Map-Prefix.pch */,
			);
			name = "Supporting Files";
			sourceTree = "<group>";
		};
		EFCAA69118EE6B16008B99D1 /* MapTests */ = {
			isa = PBXGroup;
			children = (
				EFCAA69718EE6B16008B99D1 /* MapTests.m */,
				EFCAA69218EE6B16008B99D1 /* Supporting Files */,
			);
			path = MapTests;
			sourceTree = "<group>";
		};
		EFCAA69218EE6B16008B99D1 /* Supporting Files */ = {
			isa = PBXGroup;
			children = (
				EFCAA69318EE6B16008B99D1 /* MapTests-Info.plist */,
				EFCAA69418EE6B16008B99D1 /* InfoPlist.strings */,
			);
			name = "Supporting Files";
			sourceTree = "<group>";
		};
/* End PBXGroup section */

/* Begin PBXNativeTarget section */
		EFCAA66818EE6B15008B99D1 /* Map */ = {
			isa = PBXNativeTarget;
			buildConfigurationList = EFCAA69B18EE6B16008B99D1 /* Build configuration list for PBXNativeTarget "Map" */;
			buildPhases = (
				EFCAA66518EE6B15008B99D1 /* Sources */,
				EFCAA66618EE6B15008B99D1 /* Frameworks */,
				EFCAA66718EE6B15008B99D1 /* Resources */,
			);
			buildRules = (
			);
			dependencies = (
			);
			name = Map;
			productName = Map;
			productReference = EFCAA66918EE6B15008B99D1 /* Map.app */;
			productType = "com.apple.product-type.application";
		};
		EFCAA68918EE6B16008B99D1 /* MapTests */ = {
			isa = PBXNativeTarget;
			buildConfigurationList = EFCAA69E18EE6B16008B99D1 /* Build configuration list for PBXNativeTarget "MapTests" */;
			buildPhases = (
				EFCAA68618EE6B16008B99D1 /* Sources */,
				EFCAA68718EE6B16008B99D1 /* Frameworks */,
				EFCAA68818EE6B16008B99D1 /* Resources */,
			);
			buildRules = (
			);
			dependencies = (
				EFCAA69018EE6B16008B99D1 /* PBXTargetDependency */,
			);
			name = MapTests;
			productName = MapTests;
			productReference = EFCAA68A18EE6B16008B99D1 /* MapTests.xctest */;
			productType = "com.apple.product-type.bundle.unit-test";
		};
/* End PBXNativeTarget section */

/* Begin PBXProject section */
		EFCAA66118EE6B15008B99D1 /* Project object */ = {
			isa = PBXProject;
			attributes = {
				LastUpgradeCheck = 0510;
				ORGANIZATIONNAME = "MAEDA HAJIME";
				TargetAttributes = {
					EFCAA66818EE6B15008B99D1 = {
						SystemCapabilities = {
							com.apple.iOS = {
								enabled = 1;
							};
						};
					};
					EFCAA68918EE6B16008B99D1 = {
						TestTargetID = EFCAA66818EE6B15008B99D1;
					};
				};
			};
			buildConfigurationList = EFCAA66418EE6B15008B99D1 /* Build configuration list for PBXProject "Map" */;
			compatibilityVersion = "Xcode 3.2";
			developmentRegion = English;
			hasScannedForEncodings = 0;
			knownRegions = (
				en,
				Base,
			);
			mainGroup = EFCAA66018EE6B15008B99D1;
			productRefGroup = EFCAA66A18EE6B15008B99D1 /* Products */;
			projectDirPath = "";
			projectRoot = "";
			targets = (
				EFCAA66818EE6B15008B99D1 /* Map */,
				EFCAA68918EE6B16008B99D1 /* MapTests */,
			);
		};
/* End PBXProject section */

/* Begin PBXResourcesBuildPhase section */
		EFCAA66718EE6B15008B99D1 /* Resources */ = {
			isa = PBXResourcesBuildPhase;
			buildActionMask = 2147483647;
			files = (
				EFCAA68518EE6B16008B99D1 /* Images.xcassets in Resources */,
				EFCAA67718EE6B16008B99D1 /* InfoPlist.strings in Resources */,
				EFCAA68018EE6B16008B99D1 /* Main.storyboard in Resources */,
			);
			runOnlyForDeploymentPostprocessing = 0;
		};
		EFCAA68818EE6B16008B99D1 /* Resources */ = {
			isa = PBXResourcesBuildPhase;
			buildActionMask = 2147483647;
			files = (
				EFCAA69618EE6B16008B99D1 /* InfoPlist.strings in Resources */,
			);
			runOnlyForDeploymentPostprocessing = 0;
		};
/* End PBXResourcesBuildPhase section */

/* Begin PBXSourcesBuildPhase section */
		EFCAA66518EE6B15008B99D1 /* Sources */ = {
			isa = PBXSourcesBuildPhase;
			buildActionMask = 2147483647;
			files = (
				EFCAA68318EE6B16008B99D1 /* ViewController.m in Sources */,
				EFCAA67D18EE6B16008B99D1 /* AppDelegate.m in Sources */,
				EFCAA67918EE6B16008B99D1 /* main.m in Sources */,
			);
			runOnlyForDeploymentPostprocessing = 0;
		};
		EFCAA68618EE6B16008B99D1 /* Sources */ = {
			isa = PBXSourcesBuildPhase;
			buildActionMask = 2147483647;
			files = (
				EFCAA69818EE6B16008B99D1 /* MapTests.m in Sources */,
			);
			runOnlyForDeploymentPostprocessing = 0;
		};
/* End PBXSourcesBuildPhase section */

/* Begin PBXTargetDependency section */
		EFCAA69018EE6B16008B99D1 /* PBXTargetDependency */ = {
			isa = PBXTargetDependency;
			target = EFCAA66818EE6B15008B99D1 /* Map */;
			targetProxy = EFCAA68F18EE6B16008B99D1 /* PBXContainerItemProxy */;
		};
/* End PBXTargetDependency section */

/* Begin PBXVariantGroup section */
		EFCAA67518EE6B16008B99D1 /* InfoPlist.strings */ = {
			isa = PBXVariantGroup;
			children = (
				EFCAA67618EE6B16008B99D1 /* en */,
			);
			name = InfoPlist.strings;
			sourceTree = "<group>";
		};
		EFCAA67E18EE6B16008B99D1 /* Main.storyboard */ = {
			isa = PBXVariantGroup;
			children = (
				EFCAA67F18EE6B16008B99D1 /* Base */,
			);
			name = Main.storyboard;
			sourceTree = "<group>";
		};
		EFCAA69418EE6B16008B99D1 /* InfoPlist.strings */ = {
			isa = PBXVariantGroup;
			children = (
				EFCAA69518EE6B16008B99D1 /* en */,
			);
			name = InfoPlist.strings;
			sourceTree = "<group>";
		};
/* End PBXVariantGroup section */

/* Begin XCBuildConfiguration section */
		EFCAA69918EE6B16008B99D1 /* Debug */ = {
			isa = XCBuildConfiguration;
			buildSettings = {
				ALWAYS_SEARCH_USER_PATHS = NO;
				CLANG_CXX_LANGUAGE_STANDARD = "gnu++0x";
				CLANG_CXX_LIBRARY = "libc++";
				CLANG_ENABLE_MODULES = YES;
				CLANG_ENABLE_OBJC_ARC = YES;
				CLANG_WARN_BOOL_CONVERSION = YES;
				CLANG_WARN_CONSTANT_CONVERSION = YES;
				CLANG_WARN_DIRECT_OBJC_ISA_USAGE = YES_ERROR;
				CLANG_WARN_EMPTY_BODY = YES;
				CLANG_WARN_ENUM_CONVERSION = YES;
				CLANG_WARN_INT_CONVERSION = YES;
				CLANG_WARN_OBJC_ROOT_CLASS = YES_ERROR;
				CLANG_WARN__DUPLICATE_METHOD_MATCH = YES;
				"CODE_SIGN_IDENTITY[sdk=iphoneos*]" = "iPhone Developer";
				COPY_PHASE_STRIP = NO;
				GCC_C_LANGUAGE_STANDARD = gnu99;
				GCC_DYNAMIC_NO_PIC = NO;
				GCC_OPTIMIZATION_LEVEL = 0;
				GCC_PREPROCESSOR_DEFINITIONS = (
					"DEBUG=1",
					"$(inherited)",
				);
				GCC_SYMBOLS_PRIVATE_EXTERN = NO;
				GCC_WARN_64_TO_32_BIT_CONVERSION = YES;
				GCC_WARN_ABOUT_RETURN_TYPE = YES_ERROR;
				GCC_WARN_UNDECLARED_SELECTOR = YES;
				GCC_WARN_UNINITIALIZED_AUTOS = YES_AGGRESSIVE;
				GCC_WARN_UNUSED_FUNCTION = YES;
				GCC_WARN_UNUSED_VARIABLE = YES;
				IPHONEOS_DEPLOYMENT_TARGET = 7.1;
				ONLY_ACTIVE_ARCH = YES;
				SDKROOT = iphoneos;
			};
			name = Debug;
		};
		EFCAA69A18EE6B16008B99D1 /* Release */ = {
			isa = XCBuildConfiguration;
			buildSettings = {
				ALWAYS_SEARCH_USER_PATHS = NO;
				CLANG_CXX_LANGUAGE_STANDARD = "gnu++0x";
				CLANG_CXX_LIBRARY = "libc++";
				CLANG_ENABLE_MODULES = YES;
				CLANG_ENABLE_OBJC_ARC = YES;
				CLANG_WARN_BOOL_CONVERSION = YES;
				CLANG_WARN_CONSTANT_CONVERSION = YES;
				CLANG_WARN_DIRECT_OBJC_ISA_USAGE = YES_ERROR;
				CLANG_WARN_EMPTY_BODY = YES;
				CLANG_WARN_ENUM_CONVERSION = YES;
				CLANG_WARN_INT_CONVERSION = YES;
				CLANG_WARN_OBJC_ROOT_CLASS = YES_ERROR;
				CLANG_WARN__DUPLICATE_METHOD_MATCH = YES;
				"CODE_SIGN_IDENTITY[sdk=iphoneos*]" = "iPhone Developer";
				COPY_PHASE_STRIP = YES;
				ENABLE_NS_ASSERTIONS = NO;
				GCC_C_LANGUAGE_STANDARD = gnu99;
				GCC_WARN_64_TO_32_BIT_CONVERSION = YES;
				GCC_WARN_ABOUT_RETURN_TYPE = YES_ERROR;
				GCC_WARN_UNDECLARED_SELECTOR = YES;
				GCC_WARN_UNINITIALIZED_AUTOS = YES_AGGRESSIVE;
				GCC_WARN_UNUSED_FUNCTION = YES;
				GCC_WARN_UNUSED_VARIABLE = YES;
				IPHONEOS_DEPLOYMENT_TARGET = 7.1;
				SDKROOT = iphoneos;
				VALIDATE_PRODUCT = YES;
			};
			name = Release;
		};
		EFCAA69C18EE6B16008B99D1 /* Debug */ = {
			isa = XCBuildConfiguration;
			buildSettings = {
				ASSETCATALOG_COMPILER_APPICON_NAME = AppIcon;
				ASSETCATALOG_COMPILER_LAUNCHIMAGE_NAME = LaunchImage;
				GCC_PRECOMPILE_PREFIX_HEADER = YES;
				GCC_PREFIX_HEADER = "Map/Map-Prefix.pch";
				INFOPLIST_FILE = "Map/Map-Info.plist";
				PRODUCT_NAME = "$(TARGET_NAME)";
				WRAPPER_EXTENSION = app;
			};
			name = Debug;
		};
		EFCAA69D18EE6B16008B99D1 /* Release */ = {
			isa = XCBuildConfiguration;
			buildSettings = {
				ASSETCATALOG_COMPILER_APPICON_NAME = AppIcon;
				ASSETCATALOG_COMPILER_LAUNCHIMAGE_NAME = LaunchImage;
				GCC_PRECOMPILE_PREFIX_HEADER = YES;
				GCC_PREFIX_HEADER = "Map/Map-Prefix.pch";
				INFOPLIST_FILE = "Map/Map-Info.plist";
				PRODUCT_NAME = "$(TARGET_NAME)";
				WRAPPER_EXTENSION = app;
			};
			name = Release;
		};
		EFCAA69F18EE6B16008B99D1 /* Debug */ = {
			isa = XCBuildConfiguration;
			buildSettings = {
				BUNDLE_LOADER = "$(BUILT_PRODUCTS_DIR)/Map.app/Map";
				FRAMEWORK_SEARCH_PATHS = (
					"$(SDKROOT)/Developer/Library/Frameworks",
					"$(inherited)",
					"$(DEVELOPER_FRAMEWORKS_DIR)",
				);
				GCC_PRECOMPILE_PREFIX_HEADER = YES;
				GCC_PREFIX_HEADER = "Map/Map-Prefix.pch";
				GCC_PREPROCESSOR_DEFINITIONS = (
					"DEBUG=1",
					"$(inherited)",
				);
				INFOPLIST_FILE = "MapTests/MapTests-Info.plist";
				PRODUCT_NAME = "$(TARGET_NAME)";
				TEST_HOST = "$(BUNDLE_LOADER)";
				WRAPPER_EXTENSION = xctest;
			};
			name = Debug;
		};
		EFCAA6A018EE6B16008B99D1 /* Release */ = {
			isa = XCBuildConfiguration;
			buildSettings = {
				BUNDLE_LOADER = "$(BUILT_PRODUCTS_DIR)/Map.app/Map";
				FRAMEWORK_SEARCH_PATHS = (
					"$(SDKROOT)/Developer/Library/Frameworks",
					"$(inherited)",
					"$(DEVELOPER_FRAMEWORKS_DIR)",
				);
				GCC_PRECOMPILE_PREFIX_HEADER = YES;
				GCC_PREFIX_HEADER = "Map/Map-Prefix.pch";
				INFOPLIST_FILE = "MapTests/MapTests-Info.plist";
				PRODUCT_NAME = "$(TARGET_NAME)";
				TEST_HOST = "$(BUNDLE_LOADER)";
				WRAPPER_EXTENSION = xctest;
			};
			name = Release;
		};
/* End XCBuildConfiguration section */

/* Begin XCConfigurationList section */
		EFCAA66418EE6B15008B99D1 /* Build configuration list for PBXProject "Map" */ = {
			isa = XCConfigurationList;
			buildConfigurations = (
				EFCAA69918EE6B16008B99D1 /* Debug */,
				EFCAA69A18EE6B16008B99D1 /* Release */,
			);
			defaultConfigurationIsVisible = 0;
			defaultConfigurationName = Release;
		};
		EFCAA69B18EE6B16008B99D1 /* Build configuration list for PBXNativeTarget "Map" */ = {
			isa = XCConfigurationList;
			buildConfigurations = (
				EFCAA69C18EE6B16008B99D1 /* Debug */,
				EFCAA69D18EE6B16008B99D1 /* Release */,
			);
			defaultConfigurationIsVisible = 0;
		};
		EFCAA69E18EE6B16008B99D1 /* Build configuration list for PBXNativeTarget "MapTests" */ = {
			isa = XCConfigurationList;
			buildConfigurations = (
				EFCAA69F18EE6B16008B99D1 /* Debug */,
				EFCAA6A018EE6B16008B99D1 /* Release */,
			);
			defaultConfigurationIsVisible = 0;
		};
/* End XCConfigurationList section */
	};
	rootObject = EFCAA66118EE6B15008B99D1 /* Project object */;
}
